
Microsoft Visual Studio Solution File, Format Version 12.00
Project("{FAE04EC0-301F-11D3-BF4B-00C04F79EFBC}") = "Divination.Voiceroid2Talker", "Divination.Voiceroid2Talker\Divination.Voiceroid2Talker.csproj", "{2D22984A-7D71-4861-9367-7764C322E663}"
EndProject
Project("{FAE04EC0-301F-11D3-BF4B-00C04F79EFBC}") = "Dalamud.Divination.Common", "Common\Dalamud.Divination.Common\Dalamud.Divination.Common.csproj", "{845AC207-815B-49CB-A413-F720A453B34E}"
EndProject
Global
	GlobalSection(SolutionConfigurationPlatforms) = preSolution
		Debug|Any CPU = Debug|Any CPU
		Release|Any CPU = Release|Any CPU
	EndGlobalSection
	GlobalSection(ProjectConfigurationPlatforms) = postSolution
		{2D22984A-7D71-4861-9367-7764C322E663}.Debug|Any CPU.ActiveCfg = Debug|Any CPU
		{2D22984A-7D71-4861-9367-7764C322E663}.Debug|Any CPU.Build.0 = Debug|Any CPU
		{2D22984A-7D71-4861-9367-7764C322E663}.Release|Any CPU.ActiveCfg = Release|Any CPU
		{2D22984A-7D71-4861-9367-7764C322E663}.Release|Any CPU.Build.0 = Release|Any CPU
		{845AC207-815B-49CB-A413-F720A453B34E}.Debug|Any CPU.ActiveCfg = Debug|Any CPU
		{845AC207-815B-49CB-A413-F720A453B34E}.Debug|Any CPU.Build.0 = Debug|Any CPU
		{845AC207-815B-49CB-A413-F720A453B34E}.Release|Any CPU.ActiveCfg = Release|Any CPU
		{845AC207-815B-49CB-A413-F720A453B34E}.Release|Any CPU.Build.0 = Release|Any CPU
	EndGlobalSection
EndGlobal
