
Microsoft Visual Studio Solution File, Format Version 12.00
VisualStudioVersion = 17.5.2.0
MinimumVisualStudioVersion = 10.0.40219.1
Project("{FAE04EC0-301F-11D3-BF4B-00C04F79EFBC}") = "Common", "Common\Common.csproj", "{C00AD6CE-4F53-4415-B105-183A7CD79FA7}"
EndProject
Project("{FAE04EC0-301F-11D3-BF4B-00C04F79EFBC}") = "FaloopIntegration", "FaloopIntegration\FaloopIntegration.csproj", "{6A48EBAF-6787-44A9-93A8-F5F1C87FAF92}"
EndProject
Project("{FAE04EC0-301F-11D3-BF4B-00C04F79EFBC}") = "Voiceroid2Talker", "Voiceroid2Talker\Voiceroid2Talker.csproj", "{377EF695-D2F0-4A14-BD67-6B0CBAD78FCD}"
EndProject
Project("{FAE04EC0-301F-11D3-BF4B-00C04F79EFBC}") = "Debugger", "Debugger\Debugger.csproj", "{075C0D70-F7D1-4E3D-8E43-430C8C16F729}"
EndProject
Project("{FAE04EC0-301F-11D3-BF4B-00C04F79EFBC}") = "AetheryteLinkInChat", "AetheryteLinkInChat\AetheryteLinkInChat.csproj", "{D765974E-0713-4527-8CAF-5B6BF3ECDA92}"
EndProject
Project("{FAE04EC0-301F-11D3-BF4B-00C04F79EFBC}") = "Horoscope", "Horoscope\Horoscope.csproj", "{A099E0CA-0C4E-402A-B334-E243D4286872}"
EndProject
Project("{2150E333-8FDC-42A3-9474-1A3956D46DE8}") = "lib", "lib", "{7D0FE0C5-774F-410E-A185-92C3F8CD0BD0}"
EndProject
Project("{FAE04EC0-301F-11D3-BF4B-00C04F79EFBC}") = "ECommons", "lib\ECommons\ECommons\ECommons.csproj", "{BE5DF02A-7682-469B-BA0B-F1092A4F1579}"
EndProject
Project("{FAE04EC0-301F-11D3-BF4B-00C04F79EFBC}") = "AetheryteLinkInChat.IpcModel", "AetheryteLinkInChat.IpcModel\AetheryteLinkInChat.IpcModel.csproj", "{A87243BD-80F0-4CDE-A1B3-C6A4B5BA6A39}"
EndProject
Global
	GlobalSection(SolutionConfigurationPlatforms) = preSolution
		Debug|Any CPU = Debug|Any CPU
		Release|Any CPU = Release|Any CPU
	EndGlobalSection
	GlobalSection(ProjectConfigurationPlatforms) = postSolution
		{C00AD6CE-4F53-4415-B105-183A7CD79FA7}.Debug|Any CPU.ActiveCfg = Debug|x64
		{C00AD6CE-4F53-4415-B105-183A7CD79FA7}.Debug|Any CPU.Build.0 = Debug|x64
		{C00AD6CE-4F53-4415-B105-183A7CD79FA7}.Release|Any CPU.ActiveCfg = Release|x64
		{C00AD6CE-4F53-4415-B105-183A7CD79FA7}.Release|Any CPU.Build.0 = Release|x64
		{6A48EBAF-6787-44A9-93A8-F5F1C87FAF92}.Debug|Any CPU.ActiveCfg = Debug|x64
		{6A48EBAF-6787-44A9-93A8-F5F1C87FAF92}.Debug|Any CPU.Build.0 = Debug|x64
		{6A48EBAF-6787-44A9-93A8-F5F1C87FAF92}.Release|Any CPU.ActiveCfg = Release|x64
		{6A48EBAF-6787-44A9-93A8-F5F1C87FAF92}.Release|Any CPU.Build.0 = Release|x64
		{42E83F55-1774-4BBD-BED9-149252532234}.Debug|Any CPU.ActiveCfg = Debug|x64
		{42E83F55-1774-4BBD-BED9-149252532234}.Debug|Any CPU.Build.0 = Debug|x64
		{42E83F55-1774-4BBD-BED9-149252532234}.Release|Any CPU.ActiveCfg = Release|x64
		{42E83F55-1774-4BBD-BED9-149252532234}.Release|Any CPU.Build.0 = Release|x64
		{377EF695-D2F0-4A14-BD67-6B0CBAD78FCD}.Debug|Any CPU.ActiveCfg = Debug|x64
		{377EF695-D2F0-4A14-BD67-6B0CBAD78FCD}.Debug|Any CPU.Build.0 = Debug|x64
		{377EF695-D2F0-4A14-BD67-6B0CBAD78FCD}.Release|Any CPU.ActiveCfg = Release|x64
		{377EF695-D2F0-4A14-BD67-6B0CBAD78FCD}.Release|Any CPU.Build.0 = Release|x64
		{075C0D70-F7D1-4E3D-8E43-430C8C16F729}.Debug|Any CPU.ActiveCfg = Debug|x64
		{075C0D70-F7D1-4E3D-8E43-430C8C16F729}.Debug|Any CPU.Build.0 = Debug|x64
		{075C0D70-F7D1-4E3D-8E43-430C8C16F729}.Release|Any CPU.ActiveCfg = Release|x64
		{075C0D70-F7D1-4E3D-8E43-430C8C16F729}.Release|Any CPU.Build.0 = Release|x64
		{D765974E-0713-4527-8CAF-5B6BF3ECDA92}.Debug|Any CPU.ActiveCfg = Debug|x64
		{D765974E-0713-4527-8CAF-5B6BF3ECDA92}.Debug|Any CPU.Build.0 = Debug|x64
		{D765974E-0713-4527-8CAF-5B6BF3ECDA92}.Release|Any CPU.ActiveCfg = Release|x64
		{D765974E-0713-4527-8CAF-5B6BF3ECDA92}.Release|Any CPU.Build.0 = Release|x64
		{A099E0CA-0C4E-402A-B334-E243D4286872}.Debug|Any CPU.ActiveCfg = Debug|x64
		{A099E0CA-0C4E-402A-B334-E243D4286872}.Debug|Any CPU.Build.0 = Debug|x64
		{A099E0CA-0C4E-402A-B334-E243D4286872}.Release|Any CPU.ActiveCfg = Release|x64
		{A099E0CA-0C4E-402A-B334-E243D4286872}.Release|Any CPU.Build.0 = Release|x64
		{BE5DF02A-7682-469B-BA0B-F1092A4F1579}.Debug|Any CPU.ActiveCfg = Debug|x64
		{BE5DF02A-7682-469B-BA0B-F1092A4F1579}.Debug|Any CPU.Build.0 = Debug|x64
		{BE5DF02A-7682-469B-BA0B-F1092A4F1579}.Release|Any CPU.ActiveCfg = Release|x64
		{BE5DF02A-7682-469B-BA0B-F1092A4F1579}.Release|Any CPU.Build.0 = Release|x64
		{A87243BD-80F0-4CDE-A1B3-C6A4B5BA6A39}.Debug|Any CPU.ActiveCfg = Debug|x64
		{A87243BD-80F0-4CDE-A1B3-C6A4B5BA6A39}.Debug|Any CPU.Build.0 = Debug|x64
		{A87243BD-80F0-4CDE-A1B3-C6A4B5BA6A39}.Release|Any CPU.ActiveCfg = Release|x64
		{A87243BD-80F0-4CDE-A1B3-C6A4B5BA6A39}.Release|Any CPU.Build.0 = Release|x64
	EndGlobalSection
	GlobalSection(SolutionProperties) = preSolution
		HideSolutionNode = FALSE
	EndGlobalSection
	GlobalSection(NestedProjects) = preSolution
		{BE5DF02A-7682-469B-BA0B-F1092A4F1579} = {7D0FE0C5-774F-410E-A185-92C3F8CD0BD0}
	EndGlobalSection
EndGlobal
