
Microsoft Visual Studio Solution File, Format Version 12.00
Project("{FAE04EC0-301F-11D3-BF4B-00C04F79EFBC}") = "InstanceIDViewer", "InstanceIDViewer\InstanceIDViewer.csproj", "{3EE0EA2E-E221-4E7F-9A6F-D0E24212DD78}"
EndProject
Global
	GlobalSection(SolutionConfigurationPlatforms) = preSolution
		Debug|Any CPU = Debug|Any CPU
		Release|Any CPU = Release|Any CPU
	EndGlobalSection
	GlobalSection(ProjectConfigurationPlatforms) = postSolution
		{3EE0EA2E-E221-4E7F-9A6F-D0E24212DD78}.Release|Any CPU.ActiveCfg = Release|Any CPU
		{3EE0EA2E-E221-4E7F-9A6F-D0E24212DD78}.Release|Any CPU.Build.0 = Release|Any CPU
		{3EE0EA2E-E221-4E7F-9A6F-D0E24212DD78}.Debug|Any CPU.ActiveCfg = Release|Any CPU
		{3EE0EA2E-E221-4E7F-9A6F-D0E24212DD78}.Debug|Any CPU.Build.0 = Release|Any CPU
	EndGlobalSection
EndGlobal
