{
  "version": 1,
  "dependencies": {
    "net6.0-windows7.0": {
      "Dalamud.Divination.Common": {
        "type": "Direct",
        "requested": "[0.1.0-beta.184, )",
        "resolved": "0.1.0-beta.184",
        "contentHash": "HS366ETrqBhXbrdgcvfXrqZhZ7QQf1uC4jfBWfKrAzrkl30LA7LiNipQVI462WXZz2jM2vi9OASQUicklMlNPg=="
      },
      "DalamudPackager": {
        "type": "Direct",
        "requested": "[2.1.8, )",
        "resolved": "2.1.8",
        "contentHash": "YqagNXs9InxmqkXzq7kLveImxnodkBEicAhydMXVp7dFjC7xb76U6zGgAax4/BWIWfZeWzr5DJyQSev31kj81A=="
      },
      "GitVersion.MsBuild": {
        "type": "Direct",
        "requested": "[5.12.0, )",
        "resolved": "5.12.0",
        "contentHash": "dJuigXycpJNOiLT9or7mkHSkGFHgGW3/p6cNNYEKZBa7Hhp1FdX/cvqYWWYhRLpfoZOedeA7aRbYiOB3vW/dvA=="
      }
    }
  }
}