{
  "version": 1,
  "dependencies": {
    "net6.0-windows7.0": {
      "Dalamud.Divination.Common": {
        "type": "Direct",
        "requested": "[0.1.0-beta.184, )",
        "resolved": "0.1.0-beta.184",
        "contentHash": "HS366ETrqBhXbrdgcvfXrqZhZ7QQf1uC4jfBWfKrAzrkl30LA7LiNipQVI462WXZz2jM2vi9OASQUicklMlNPg=="
      },
      "DalamudPackager": {
        "type": "Direct",
        "requested": "[2.1.2, )",
        "resolved": "2.1.2",
        "contentHash": "6i24wb36qPpJfyyVePHctXE3KXjQu4w3J12kdOlH5PZJcqB+aPkPZGuOebbDVCvt8RwNRjTnhhAFn8lHlvMmTg=="
      },
      "GitVersion.MsBuild": {
        "type": "Direct",
        "requested": "[5.11.1, )",
        "resolved": "5.11.1",
        "contentHash": "JlJB4dAc/MpLQvbF8OeyMKotDo5EcgU2pXmB+MlTe64B1Y0fc9GTMiAHiyUiHLnFRnOtrcSi1C3BsfRTmlD0sA=="
      }
    }
  }
}