{
  "version": 1,
  "dependencies": {
    "net6.0-windows7.0": {
      "DalamudPackager": {
        "type": "Direct",
        "requested": "[2.*, )",
        "resolved": "2.1.5",
        "contentHash": "0RMHom/TbYxWzJPTdMOPjuelZY2aacWipp0INPkQrLa31Wy1KAWZ/R/+2sdi02vhk15PthZcpUQqVIwcxprG8A=="
      },
      "GitVersion.MsBuild": {
        "type": "Direct",
        "requested": "[5.*, )",
        "resolved": "5.9.0",
        "contentHash": "UjxbmklhY62RJmfaFbFmYWYwrKS9CTrRmULjdTBCDZfx/Mn5MGO2YK3FpV/P9ab30dHyPneUtuF0U3TW79P8nw=="
      },
      "dalamud.divination.common": {
        "type": "Project"
      }
    }
  }
}