{
  "version": 1,
  "dependencies": {
    "net7.0-windows7.0": {
      "3v.EvtSource": {
        "type": "Direct",
        "requested": "[2.0.0, )",
        "resolved": "2.0.0",
        "contentHash": "+5mAL4BrKXC0bQd8SAv3WACGPEmHEwzDQliT+ao//BowPmX+W+zHMGVj+O3xM+tjkNPpwKY89dSQfbf7wpO4DQ=="
      },
      "DalamudPackager": {
        "type": "Direct",
        "requested": "[2.1.12, )",
        "resolved": "2.1.12",
        "contentHash": "Sc0PVxvgg4NQjcI8n10/VfUQBAS4O+Fw2pZrAqBdRMbthYGeogzu5+xmIGCGmsEZ/ukMOBuAqiNiB5qA3MRalg=="
      },
      "GitVersion.MsBuild": {
        "type": "Direct",
        "requested": "[5.12.0, )",
        "resolved": "5.12.0",
        "contentHash": "dJuigXycpJNOiLT9or7mkHSkGFHgGW3/p6cNNYEKZBa7Hhp1FdX/cvqYWWYhRLpfoZOedeA7aRbYiOB3vW/dvA=="
      },
      "Dalamud.Divination.Common": {
        "type": "Project"
      }
    }
  }
}
