{
  "version": 1,
  "dependencies": {
    "net9.0-windows7.0": {
      "GitVersion.MsBuild": {
        "type": "Direct",
        "requested": "[6.4.0, )",
        "resolved": "6.4.0",
        "contentHash": "U3GowPObvH43MBoB+N9HmaP7R9DGOrrGwbuTZIfia6RSFi/7bApoT7RQFMA9QWpZ9pJF6TKysCaxcv7Qwzucqw=="
      }
    }
  }
}