{
  "version": 1,
  "dependencies": {
    ".NETCoreApp,Version=v5.0": {
      "DalamudPackager": {
        "type": "Direct",
        "requested": "[2.*, )",
        "resolved": "2.1.5",
        "contentHash": "0RMHom/TbYxWzJPTdMOPjuelZY2aacWipp0INPkQrLa31Wy1KAWZ/R/+2sdi02vhk15PthZcpUQqVIwcxprG8A=="
      },
      "GitVersion.MsBuild": {
        "type": "Direct",
        "requested": "[5.*, )",
        "resolved": "5.8.1",
        "contentHash": "WR+50tZK/ZO51RhcNObEZyIN+b7jt6YQOnUdrnkDhi+kPWm00TLXIUci2hGIgE617iaWdkbmkleBbIFwPhH0oQ=="
      },
      "dalamud.divination.common": {
        "type": "Project"
      }
    }
  }
}