{
  "version": 1,
  "dependencies": {
    "net6.0-windows7.0": {
      "GitVersion.MsBuild": {
        "type": "Direct",
        "requested": "[5.*, )",
        "resolved": "5.10.1",
        "contentHash": "H30ThorrFCs4jLeTH4fX+LsuFu6jM70Bc7GOvC6Nya3E1dIeIFrvs0Lwtt//V5CQWhvHRXu53ov1rmJYcMY5kQ=="
      }
    }
  }
}