{
  "version": 1,
  "dependencies": {
    "net6.0-windows7.0": {
      "Dalamud.Divination.Common": {
        "type": "Direct",
        "requested": "[0.1.0-beta.217, )",
        "resolved": "0.1.0-beta.217",
        "contentHash": "XmntQRAepbnJv0iTZOqRcq7DbFYaF6XxhlsxDaWtQbY17oDGhVvgCYDwcqMVGqybiWCSaVLNXTBExj+dNwv+fg=="
      },
      "DalamudPackager": {
        "type": "Direct",
        "requested": "[2.1.8, )",
        "resolved": "2.1.8",
        "contentHash": "YqagNXs9InxmqkXzq7kLveImxnodkBEicAhydMXVp7dFjC7xb76U6zGgAax4/BWIWfZeWzr5DJyQSev31kj81A=="
      },
      "GitVersion.MsBuild": {
        "type": "Direct",
        "requested": "[5.11.1, )",
        "resolved": "5.11.1",
        "contentHash": "JlJB4dAc/MpLQvbF8OeyMKotDo5EcgU2pXmB+MlTe64B1Y0fc9GTMiAHiyUiHLnFRnOtrcSi1C3BsfRTmlD0sA=="
      }
    }
  }
}