{
  "version": 1,
  "dependencies": {
    "net6.0": {
      "GitVersion.MsBuild": {
        "type": "Direct",
        "requested": "[5.10.3, )",
        "resolved": "5.10.3",
        "contentHash": "UE5+vWL5xG8S/lJSh6w6bYTQxxgFuSSQLql7Czh6gM3Q0Y1XTpjufL9jtv8+xzqsAJIzvrPRyMwdGf3nf/z95Q=="
      }
    }
  }
}