{
  "version": 1,
  "dependencies": {
    "net10.0-windows7.0": {
      "DotNet.ReproducibleBuilds": {
        "type": "Direct",
        "requested": "[1.2.39, )",
        "resolved": "1.2.39",
        "contentHash": "fcFN01tDTIQqDuTwr1jUQK/geofiwjG5DycJQOnC72i1SsLAk1ELe+apBOuZ11UMQG8YKFZG1FgvjZPbqHyatg=="
      },
      "ECommons": {
        "type": "Direct",
        "requested": "[3.2.0.18, )",
        "resolved": "3.2.0.18",
        "contentHash": "esPIjfuveuw05c4PI7gqpRcifaUaUZ9sf7JnN90CBM1Ah2emxTBrKQl6A+ghHobwQOOe+yflN03TJnv32NEkVw=="
      },
      "GitVersion.MsBuild": {
        "type": "Direct",
        "requested": "[6.5.1, )",
        "resolved": "6.5.1",
        "contentHash": "92zAmfGWVtjHM8eR7O+1WWxqP+gulXvVqu3Sb1+KzuImdmxBt/bln/dMRvsIyV69KEiSrtbUoet4HBjG+bOLyw=="
      }
    }
  }
}