{
  "version": 1,
  "dependencies": {
    "net9.0-windows7.0": {
      "DotNet.ReproducibleBuilds": {
        "type": "Direct",
        "requested": "[1.2.25, )",
        "resolved": "1.2.25",
        "contentHash": "xCXiw7BCxHJ8pF6wPepRUddlh2dlQlbr81gXA72hdk4FLHkKXas7EH/n+fk5UCA/YfMqG1Z6XaPiUjDbUNBUzg=="
      },
      "GitVersion.MsBuild": {
        "type": "Direct",
        "requested": "[6.2.0, )",
        "resolved": "6.2.0",
        "contentHash": "EZoFyY1fgHkYtCz0nizYAXsfNG0OSllMuRQl4fFosDNKz6y/f2nctSCjwhTMh5GSkzRZEnyd+YA540VD7SAm+A==",
        "dependencies": {
          "System.Collections.Immutable": "9.0.2"
        }
      },
      "System.Collections.Immutable": {
        "type": "Transitive",
        "resolved": "9.0.2",
        "contentHash": "QKh9+kczG7TQbQZ6tF2S6bK9B8ewHXEkYmMP2iqefzwJEfEkiflheAX6VEaPLJ6Tq9RoKuQ5R3qPYla6wJ6Opg=="
      },
      "aetherytelinkinchat.ipcmodel": {
        "type": "Project"
      },
      "ecommons": {
        "type": "Project"
      }
    }
  }
}