{
  "version": 1,
  "dependencies": {
    "net10.0-windows7.0": {
      "DalamudPackager": {
        "type": "Direct",
        "requested": "[15.0.0, )",
        "resolved": "15.0.0",
        "contentHash": "411vwC8/X8Z/sQ2TI6v3SvOn66xFPeOjFn3Zn+h0d3Ox2t1kFm66AhDvmx/qcMwVrR+Hidxj0dadpQ2dgyXMBQ=="
      },
      "DiscordRichPresence": {
        "type": "Direct",
        "requested": "[1.6.1.70, )",
        "resolved": "1.6.1.70",
        "contentHash": "yho1fdhbsedICHdfHe/Tu3IX6a5oj4fiPFL0keZStlsh7T/FrdjcwZZ7C1uC2HUvcXbFh+VEJvcbo1W66QtkUg==",
        "dependencies": {
          "Newtonsoft.Json": "13.0.1"
        }
      },
      "DotNet.ReproducibleBuilds": {
        "type": "Direct",
        "requested": "[1.2.39, )",
        "resolved": "1.2.39",
        "contentHash": "fcFN01tDTIQqDuTwr1jUQK/geofiwjG5DycJQOnC72i1SsLAk1ELe+apBOuZ11UMQG8YKFZG1FgvjZPbqHyatg=="
      },
      "GitVersion.MsBuild": {
        "type": "Direct",
        "requested": "[6.8.2, )",
        "resolved": "6.8.2",
        "contentHash": "eTd8jUiogUXpVssFyDWWdMrPr5Cdc57tWaQ3Cv/eMIhnumOHZhDkc/wcy8hYU8aH7NS4VT2w/pHjVITDSTXMGw=="
      },
      "ECommons": {
        "type": "Transitive",
        "resolved": "3.2.1.17",
        "contentHash": "gIjvCFzqJApeyncqDegjvs2QFAVoXuwkrfFimhXWhu6x8zAloh8Wyu1Qu8BSym79HuTu4v5/U/HhNqkFy6uwoA=="
      },
      "Newtonsoft.Json": {
        "type": "Transitive",
        "resolved": "13.0.1",
        "contentHash": "ppPFpBcvxdsfUonNcvITKqLl3bqxWbDCZIzDWHzjpdAHRFfZe0Dw9HmA0+za13IdyrgJwpkDTDA9fHaxOrt20A=="
      },
      "Dalamud.Divination.Common": {
        "type": "Project",
        "dependencies": {
          "ECommons": "[3.2.1.17, )"
        }
      },
      "discordintegration.ipcmodel": {
        "type": "Project",
        "dependencies": {
          "DalamudPackager": "[15.0.0, )"
        }
      }
    }
  }
}