{
  "version": 1,
  "dependencies": {
    "net9.0-windows7.0": {
      "DalamudPackager": {
        "type": "Direct",
        "requested": "[13.1.0, )",
        "resolved": "13.1.0",
        "contentHash": "XdoNhJGyFby5M/sdcRhnc5xTop9PHy+H50PTWpzLhJugjB19EDBiHD/AsiDF66RETM+0qKUdJBZrNuebn7qswQ=="
      },
      "DotNet.ReproducibleBuilds": {
        "type": "Direct",
        "requested": "[1.2.25, )",
        "resolved": "1.2.25",
        "contentHash": "xCXiw7BCxHJ8pF6wPepRUddlh2dlQlbr81gXA72hdk4FLHkKXas7EH/n+fk5UCA/YfMqG1Z6XaPiUjDbUNBUzg=="
      },
      "GitVersion.MsBuild": {
        "type": "Direct",
        "requested": "[6.4.0, )",
        "resolved": "6.4.0",
        "contentHash": "U3GowPObvH43MBoB+N9HmaP7R9DGOrrGwbuTZIfia6RSFi/7bApoT7RQFMA9QWpZ9pJF6TKysCaxcv7Qwzucqw=="
      },
      "ECommons": {
        "type": "Transitive",
        "resolved": "3.0.1.15",
        "contentHash": "y/I5tpUQQHuaEtDfF470tTlVnHt7gT2KaXX4Zh75bR19/n5kOagNs2e9yYv4dsp538eJLcDzRm0+Z7WY9iW0cA=="
      },
      "aetherytelinkinchat.ipcmodel": {
        "type": "Project"
      },
      "Dalamud.Divination.Common": {
        "type": "Project",
        "dependencies": {
          "ECommons": "[3.0.1.15, )"
        }
      }
    }
  }
}