{
  "version": 1,
  "dependencies": {
    "net8.0-windows7.0": {
      "CoreTweet": {
        "type": "Direct",
        "requested": "[2.0.0-beta.1, )",
        "resolved": "2.0.0-beta.1",
        "contentHash": "ETzhl6wcfKBQNzUxcaNnS08Hg6vP/kb2H1NVc206vEn8PxXCoRI5EbVWq1ukgM8j0Pz2b6QuF3QWo1Zyji9LQg==",
        "dependencies": {
          "Newtonsoft.Json": "12.0.3"
        }
      },
      "DalamudPackager": {
        "type": "Direct",
        "requested": "[2.1.12, )",
        "resolved": "2.1.12",
        "contentHash": "Sc0PVxvgg4NQjcI8n10/VfUQBAS4O+Fw2pZrAqBdRMbthYGeogzu5+xmIGCGmsEZ/ukMOBuAqiNiB5qA3MRalg=="
      },
      "GitVersion.MsBuild": {
        "type": "Direct",
        "requested": "[5.12.0, )",
        "resolved": "5.12.0",
        "contentHash": "dJuigXycpJNOiLT9or7mkHSkGFHgGW3/p6cNNYEKZBa7Hhp1FdX/cvqYWWYhRLpfoZOedeA7aRbYiOB3vW/dvA=="
      },
      "Newtonsoft.Json": {
        "type": "Transitive",
        "resolved": "12.0.3",
        "contentHash": "6mgjfnRB4jKMlzHSl+VD+oUc1IebOZabkbyWj2RiTgWwYPPuaK1H97G1sHqGwPlS5npiF5Q0OrxN1wni2n5QWg=="
      },
      "Dalamud.Divination.Common": {
        "type": "Project"
      }
    }
  }
}